// !$*UTF8*$!
{
	archiveVersion = 1;
	classes = {
	};
	objectVersion = 50;
	objects = {

/* Begin PBXBuildFile section */
		BEF2953A23A9191B00C35311 /* StockPortfolio_Shounak.cpp in Sources */ = {isa = PBXBuildFile; fileRef = BEF2953023A9191B00C35311 /* StockPortfolio_Shounak.cpp */; };
		BEF2953B23A9191B00C35311 /* main_Shounak.cpp in Sources */ = {isa = PBXBuildFile; fileRef = BEF2953123A9191B00C35311 /* main_Shounak.cpp */; };
		BEF2953C23A9191B00C35311 /* StockNode_Shounak.cpp in Sources */ = {isa = PBXBuildFile; fileRef = BEF2953323A9191B00C35311 /* StockNode_Shounak.cpp */; };
		BEF2953D23A9191B00C35311 /* BankAccount_Shounak.cpp in Sources */ = {isa = PBXBuildFile; fileRef = BEF2953523A9191B00C35311 /* BankAccount_Shounak.cpp */; };
		BEF2953E23A9191B00C35311 /* DoubleList_Shounak.cpp in Sources */ = {isa = PBXBuildFile; fileRef = BEF2953623A9191B00C35311 /* DoubleList_Shounak.cpp */; };
/* End PBXBuildFile section */

/* Begin PBXCopyFilesBuildPhase section */
		BEF2952423A9182700C35311 /* CopyFiles */ = {
			isa = PBXCopyFilesBuildPhase;
			buildActionMask = 2147483647;
			dstPath = /usr/share/man/man1/;
			dstSubfolderSpec = 0;
			files = (
			);
			runOnlyForDeploymentPostprocessing = 1;
		};
/* End PBXCopyFilesBuildPhase section */

/* Begin PBXFileReference section */
		BEF2952623A9182700C35311 /* Final Project 2 */ = {isa = PBXFileReference; explicitFileType = "compiled.mach-o.executable"; includeInIndex = 0; path = "Final Project 2"; sourceTree = BUILT_PRODUCTS_DIR; };
		BEF2953023A9191B00C35311 /* StockPortfolio_Shounak.cpp */ = {isa = PBXFileReference; fileEncoding = 4; lastKnownFileType = sourcecode.cpp.cpp; path = StockPortfolio_Shounak.cpp; sourceTree = "<group>"; };
		BEF2953123A9191B00C35311 /* main_Shounak.cpp */ = {isa = PBXFileReference; fileEncoding = 4; lastKnownFileType = sourcecode.cpp.cpp; path = main_Shounak.cpp; sourceTree = "<group>"; };
		BEF2953223A9191B00C35311 /* StockPortfolio.h */ = {isa = PBXFileReference; fileEncoding = 4; lastKnownFileType = sourcecode.c.h; path = StockPortfolio.h; sourceTree = "<group>"; };
		BEF2953323A9191B00C35311 /* StockNode_Shounak.cpp */ = {isa = PBXFileReference; fileEncoding = 4; lastKnownFileType = sourcecode.cpp.cpp; path = StockNode_Shounak.cpp; sourceTree = "<group>"; };
		BEF2953423A9191B00C35311 /* BankAccount_Shounak.h */ = {isa = PBXFileReference; fileEncoding = 4; lastKnownFileType = sourcecode.c.h; path = BankAccount_Shounak.h; sourceTree = "<group>"; };
		BEF2953523A9191B00C35311 /* BankAccount_Shounak.cpp */ = {isa = PBXFileReference; fileEncoding = 4; lastKnownFileType = sourcecode.cpp.cpp; path = BankAccount_Shounak.cpp; sourceTree = "<group>"; };
		BEF2953623A9191B00C35311 /* DoubleList_Shounak.cpp */ = {isa = PBXFileReference; fileEncoding = 4; lastKnownFileType = sourcecode.cpp.cpp; path = DoubleList_Shounak.cpp; sourceTree = "<group>"; };
		BEF2953723A9191B00C35311 /* StockNode.h */ = {isa = PBXFileReference; fileEncoding = 4; lastKnownFileType = sourcecode.c.h; path = StockNode.h; sourceTree = "<group>"; };
		BEF2953823A9191B00C35311 /* DoubleList.h */ = {isa = PBXFileReference; fileEncoding = 4; lastKnownFileType = sourcecode.c.h; path = DoubleList.h; sourceTree = "<group>"; };
		BEF2953923A9191B00C35311 /* Account_Shounak.h */ = {isa = PBXFileReference; fileEncoding = 4; lastKnownFileType = sourcecode.c.h; path = Account_Shounak.h; sourceTree = "<group>"; };
/* End PBXFileReference section */

/* Begin PBXFrameworksBuildPhase section */
		BEF2952323A9182700C35311 /* Frameworks */ = {
			isa = PBXFrameworksBuildPhase;
			buildActionMask = 2147483647;
			files = (
			);
			runOnlyForDeploymentPostprocessing = 0;
		};
/* End PBXFrameworksBuildPhase section */

/* Begin PBXGroup section */
		BEF2951D23A9182700C35311 = {
			isa = PBXGroup;
			children = (
				BEF2952823A9182700C35311 /* Final Project 2 */,
				BEF2952723A9182700C35311 /* Products */,
			);
			sourceTree = "<group>";
		};
		BEF2952723A9182700C35311 /* Products */ = {
			isa = PBXGroup;
			children = (
				BEF2952623A9182700C35311 /* Final Project 2 */,
			);
			name = Products;
			sourceTree = "<group>";
		};
		BEF2952823A9182700C35311 /* Final Project 2 */ = {
			isa = PBXGroup;
			children = (
				BEF2953923A9191B00C35311 /* Account_Shounak.h */,
				BEF2953523A9191B00C35311 /* BankAccount_Shounak.cpp */,
				BEF2953423A9191B00C35311 /* BankAccount_Shounak.h */,
				BEF2953623A9191B00C35311 /* DoubleList_Shounak.cpp */,
				BEF2953823A9191B00C35311 /* DoubleList.h */,
				BEF2953123A9191B00C35311 /* main_Shounak.cpp */,
				BEF2953323A9191B00C35311 /* StockNode_Shounak.cpp */,
				BEF2953723A9191B00C35311 /* StockNode.h */,
				BEF2953023A9191B00C35311 /* StockPortfolio_Shounak.cpp */,
				BEF2953223A9191B00C35311 /* StockPortfolio.h */,
			);
			path = "Final Project 2";
			sourceTree = "<group>";
		};
/* End PBXGroup section */

/* Begin PBXNativeTarget section */
		BEF2952523A9182700C35311 /* Final Project 2 */ = {
			isa = PBXNativeTarget;
			buildConfigurationList = BEF2952D23A9182700C35311 /* Build configuration list for PBXNativeTarget "Final Project 2" */;
			buildPhases = (
				BEF2952223A9182700C35311 /* Sources */,
				BEF2952323A9182700C35311 /* Frameworks */,
				BEF2952423A9182700C35311 /* CopyFiles */,
			);
			buildRules = (
			);
			dependencies = (
			);
			name = "Final Project 2";
			productName = "Final Project 2";
			productReference = BEF2952623A9182700C35311 /* Final Project 2 */;
			productType = "com.apple.product-type.tool";
		};
/* End PBXNativeTarget section */

/* Begin PBXProject section */
		BEF2951E23A9182700C35311 /* Project object */ = {
			isa = PBXProject;
			attributes = {
				LastUpgradeCheck = 1130;
				ORGANIZATIONNAME = "Shounak Rangwala";
				TargetAttributes = {
					BEF2952523A9182700C35311 = {
						CreatedOnToolsVersion = 11.3;
					};
				};
			};
			buildConfigurationList = BEF2952123A9182700C35311 /* Build configuration list for PBXProject "Final Project 2" */;
			compatibilityVersion = "Xcode 9.3";
			developmentRegion = en;
			hasScannedForEncodings = 0;
			knownRegions = (
				en,
				Base,
			);
			mainGroup = BEF2951D23A9182700C35311;
			productRefGroup = BEF2952723A9182700C35311 /* Products */;
			projectDirPath = "";
			projectRoot = "";
			targets = (
				BEF2952523A9182700C35311 /* Final Project 2 */,
			);
		};
/* End PBXProject section */

/* Begin PBXSourcesBuildPhase section */
		BEF2952223A9182700C35311 /* Sources */ = {
			isa = PBXSourcesBuildPhase;
			buildActionMask = 2147483647;
			files = (
				BEF2953C23A9191B00C35311 /* StockNode_Shounak.cpp in Sources */,
				BEF2953B23A9191B00C35311 /* main_Shounak.cpp in Sources */,
				BEF2953A23A9191B00C35311 /* StockPortfolio_Shounak.cpp in Sources */,
				BEF2953E23A9191B00C35311 /* DoubleList_Shounak.cpp in Sources */,
				BEF2953D23A9191B00C35311 /* BankAccount_Shounak.cpp in Sources */,
			);
			runOnlyForDeploymentPostprocessing = 0;
		};
/* End PBXSourcesBuildPhase section */

/* Begin XCBuildConfiguration section */
		BEF2952B23A9182700C35311 /* Debug */ = {
			isa = XCBuildConfiguration;
			buildSettings = {
				ALWAYS_SEARCH_USER_PATHS = NO;
				CLANG_ANALYZER_NONNULL = YES;
				CLANG_ANALYZER_NUMBER_OBJECT_CONVERSION = YES_AGGRESSIVE;
				CLANG_CXX_LANGUAGE_STANDARD = "gnu++14";
				CLANG_CXX_LIBRARY = "libc++";
				CLANG_ENABLE_MODULES = YES;
				CLANG_ENABLE_OBJC_ARC = YES;
				CLANG_ENABLE_OBJC_WEAK = YES;
				CLANG_WARN_BLOCK_CAPTURE_AUTORELEASING = YES;
				CLANG_WARN_BOOL_CONVERSION = YES;
				CLANG_WARN_COMMA = YES;
				CLANG_WARN_CONSTANT_CONVERSION = YES;
				CLANG_WARN_DEPRECATED_OBJC_IMPLEMENTATIONS = YES;
				CLANG_WARN_DIRECT_OBJC_ISA_USAGE = YES_ERROR;
				CLANG_WARN_DOCUMENTATION_COMMENTS = YES;
				CLANG_WARN_EMPTY_BODY = YES;
				CLANG_WARN_ENUM_CONVERSION = YES;
				CLANG_WARN_INFINITE_RECURSION = YES;
				CLANG_WARN_INT_CONVERSION = YES;
				CLANG_WARN_NON_LITERAL_NULL_CONVERSION = YES;
				CLANG_WARN_OBJC_IMPLICIT_RETAIN_SELF = YES;
				CLANG_WARN_OBJC_LITERAL_CONVERSION = YES;
				CLANG_WARN_OBJC_ROOT_CLASS = YES_ERROR;
				CLANG_WARN_RANGE_LOOP_ANALYSIS = YES;
				CLANG_WARN_STRICT_PROTOTYPES = YES;
				CLANG_WARN_SUSPICIOUS_MOVE = YES;
				CLANG_WARN_UNGUARDED_AVAILABILITY = YES_AGGRESSIVE;
				CLANG_WARN_UNREACHABLE_CODE = YES;
				CLANG_WARN__DUPLICATE_METHOD_MATCH = YES;
				COPY_PHASE_STRIP = NO;
				DEBUG_INFORMATION_FORMAT = dwarf;
				ENABLE_STRICT_OBJC_MSGSEND = YES;
				ENABLE_TESTABILITY = YES;
				GCC_C_LANGUAGE_STANDARD = gnu11;
				GCC_DYNAMIC_NO_PIC = NO;
				GCC_NO_COMMON_BLOCKS = YES;
				GCC_OPTIMIZATION_LEVEL = 0;
				GCC_PREPROCESSOR_DEFINITIONS = (
					"DEBUG=1",
					"$(inherited)",
				);
				GCC_WARN_64_TO_32_BIT_CONVERSION = YES;
				GCC_WARN_ABOUT_RETURN_TYPE = YES_ERROR;
				GCC_WARN_UNDECLARED_SELECTOR = YES;
				GCC_WARN_UNINITIALIZED_AUTOS = YES_AGGRESSIVE;
				GCC_WARN_UNUSED_FUNCTION = YES;
				GCC_WARN_UNUSED_VARIABLE = YES;
				MACOSX_DEPLOYMENT_TARGET = 10.15;
				MTL_ENABLE_DEBUG_INFO = INCLUDE_SOURCE;
				MTL_FAST_MATH = YES;
				ONLY_ACTIVE_ARCH = YES;
				SDKROOT = macosx;
			};
			name = Debug;
		};
		BEF2952C23A9182700C35311 /* Release */ = {
			isa = XCBuildConfiguration;
			buildSettings = {
				ALWAYS_SEARCH_USER_PATHS = NO;
				CLANG_ANALYZER_NONNULL = YES;
				CLANG_ANALYZER_NUMBER_OBJECT_CONVERSION = YES_AGGRESSIVE;
				CLANG_CXX_LANGUAGE_STANDARD = "gnu++14";
				CLANG_CXX_LIBRARY = "libc++";
				CLANG_ENABLE_MODULES = YES;
				CLANG_ENABLE_OBJC_ARC = YES;
				CLANG_ENABLE_OBJC_WEAK = YES;
				CLANG_WARN_BLOCK_CAPTURE_AUTORELEASING = YES;
				CLANG_WARN_BOOL_CONVERSION = YES;
				CLANG_WARN_COMMA = YES;
				CLANG_WARN_CONSTANT_CONVERSION = YES;
				CLANG_WARN_DEPRECATED_OBJC_IMPLEMENTATIONS = YES;
				CLANG_WARN_DIRECT_OBJC_ISA_USAGE = YES_ERROR;
				CLANG_WARN_DOCUMENTATION_COMMENTS = YES;
				CLANG_WARN_EMPTY_BODY = YES;
				CLANG_WARN_ENUM_CONVERSION = YES;
				CLANG_WARN_INFINITE_RECURSION = YES;
				CLANG_WARN_INT_CONVERSION = YES;
				CLANG_WARN_NON_LITERAL_NULL_CONVERSION = YES;
				CLANG_WARN_OBJC_IMPLICIT_RETAIN_SELF = YES;
				CLANG_WARN_OBJC_LITERAL_CONVERSION = YES;
				CLANG_WARN_OBJC_ROOT_CLASS = YES_ERROR;
				CLANG_WARN_RANGE_LOOP_ANALYSIS = YES;
				CLANG_WARN_STRICT_PROTOTYPES = YES;
				CLANG_WARN_SUSPICIOUS_MOVE = YES;
				CLANG_WARN_UNGUARDED_AVAILABILITY = YES_AGGRESSIVE;
				CLANG_WARN_UNREACHABLE_CODE = YES;
				CLANG_WARN__DUPLICATE_METHOD_MATCH = YES;
				COPY_PHASE_STRIP = NO;
				DEBUG_INFORMATION_FORMAT = "dwarf-with-dsym";
				ENABLE_NS_ASSERTIONS = NO;
				ENABLE_STRICT_OBJC_MSGSEND = YES;
				GCC_C_LANGUAGE_STANDARD = gnu11;
				GCC_NO_COMMON_BLOCKS = YES;
				GCC_WARN_64_TO_32_BIT_CONVERSION = YES;
				GCC_WARN_ABOUT_RETURN_TYPE = YES_ERROR;
				GCC_WARN_UNDECLARED_SELECTOR = YES;
				GCC_WARN_UNINITIALIZED_AUTOS = YES_AGGRESSIVE;
				GCC_WARN_UNUSED_FUNCTION = YES;
				GCC_WARN_UNUSED_VARIABLE = YES;
				MACOSX_DEPLOYMENT_TARGET = 10.15;
				MTL_ENABLE_DEBUG_INFO = NO;
				MTL_FAST_MATH = YES;
				SDKROOT = macosx;
			};
			name = Release;
		};
		BEF2952E23A9182700C35311 /* Debug */ = {
			isa = XCBuildConfiguration;
			buildSettings = {
				CODE_SIGN_STYLE = Automatic;
				PRODUCT_NAME = "$(TARGET_NAME)";
			};
			name = Debug;
		};
		BEF2952F23A9182700C35311 /* Release */ = {
			isa = XCBuildConfiguration;
			buildSettings = {
				CODE_SIGN_STYLE = Automatic;
				PRODUCT_NAME = "$(TARGET_NAME)";
			};
			name = Release;
		};
/* End XCBuildConfiguration section */

/* Begin XCConfigurationList section */
		BEF2952123A9182700C35311 /* Build configuration list for PBXProject "Final Project 2" */ = {
			isa = XCConfigurationList;
			buildConfigurations = (
				BEF2952B23A9182700C35311 /* Debug */,
				BEF2952C23A9182700C35311 /* Release */,
			);
			defaultConfigurationIsVisible = 0;
			defaultConfigurationName = Release;
		};
		BEF2952D23A9182700C35311 /* Build configuration list for PBXNativeTarget "Final Project 2" */ = {
			isa = XCConfigurationList;
			buildConfigurations = (
				BEF2952E23A9182700C35311 /* Debug */,
				BEF2952F23A9182700C35311 /* Release */,
			);
			defaultConfigurationIsVisible = 0;
			defaultConfigurationName = Release;
		};
/* End XCConfigurationList section */
	};
	rootObject = BEF2951E23A9182700C35311 /* Project object */;
}
